
Microsoft Visual Studio Solution File, Format Version 12.00
# Visual Studio Version 16
VisualStudioVersion = 16.0.31702.278
MinimumVisualStudioVersion = 10.0.40219.1
Project("{FAE04EC0-301F-11D3-BF4B-00C04F79EFBC}") = "FilmApi", "FilmApi\FilmApi.csproj", "{FC09765E-BFA9-44C6-A1FE-62A3888BDFB4}"
EndProject
Global
	GlobalSection(SolutionConfigurationPlatforms) = preSolution
		Debug|Any CPU = Debug|Any CPU
		Release|Any CPU = Release|Any CPU
	EndGlobalSection
	GlobalSection(ProjectConfigurationPlatforms) = postSolution
		{FC09765E-BFA9-44C6-A1FE-62A3888BDFB4}.Debug|Any CPU.ActiveCfg = Debug|Any CPU
		{FC09765E-BFA9-44C6-A1FE-62A3888BDFB4}.Debug|Any CPU.Build.0 = Debug|Any CPU
		{FC09765E-BFA9-44C6-A1FE-62A3888BDFB4}.Release|Any CPU.ActiveCfg = Release|Any CPU
		{FC09765E-BFA9-44C6-A1FE-62A3888BDFB4}.Release|Any CPU.Build.0 = Release|Any CPU
	EndGlobalSection
	GlobalSection(SolutionProperties) = preSolution
		HideSolutionNode = FALSE
	EndGlobalSection
	GlobalSection(ExtensibilityGlobals) = postSolution
		SolutionGuid = {A4A60B09-EB92-4FDF-ABD0-A0CCA9F47C3D}
	EndGlobalSection
EndGlobal
